
Microsoft Visual Studio Solution File, Format Version 12.00
# Visual Studio 15
VisualStudioVersion = 15.0.28307.572
MinimumVisualStudioVersion = 10.0.40219.1
Project("{9A19103F-16F7-4668-BE54-9A1E7A4F7556}") = "HomeManagement.App", "HomeManagement.App\HomeManagement.App\HomeManagement.App.csproj", "{F4D17533-46A0-4D38-B5D0-B470357D19C8}"
EndProject
Project("{FAE04EC0-301F-11D3-BF4B-00C04F79EFBC}") = "HomeManagement.App.Android", "HomeManagement.App\HomeManagement.App.Android\HomeManagement.App.Android.csproj", "{959101D9-D7C1-415F-88B6-5DC9CF9CB03F}"
EndProject
Project("{FAE04EC0-301F-11D3-BF4B-00C04F79EFBC}") = "HomeManagement.App.UWP", "HomeManagement.App\HomeManagement.App.UWP\HomeManagement.App.UWP.csproj", "{4D318AB1-720B-47DA-BB01-3A3643B09778}"
EndProject
Project("{9A19103F-16F7-4668-BE54-9A1E7A4F7556}") = "HomeManagement.Contracts", "HomeManagement.Contracts\HomeManagement.Contracts.csproj", "{B90F4A1D-9FC5-46FA-AA06-639E48929CEE}"
EndProject
Project("{9A19103F-16F7-4668-BE54-9A1E7A4F7556}") = "HomeManagement.Core", "HomeManagement.Core\HomeManagement.Core.csproj", "{5127133A-DBE9-4BFF-A9D2-9D69B3AACFB8}"
EndProject
Project("{9A19103F-16F7-4668-BE54-9A1E7A4F7556}") = "HomeManagement.Localization", "HomeManagement.Localization\HomeManagement.Localization.csproj", "{52270028-4A67-4DF0-958B-C9298AEF5BE5}"
EndProject
Project("{9A19103F-16F7-4668-BE54-9A1E7A4F7556}") = "HomeManagement.Data", "HomeManagement.Data\HomeManagement.Data.csproj", "{42082AD0-9AB8-4162-BAD3-EAC540D1EFC4}"
EndProject
Project("{9A19103F-16F7-4668-BE54-9A1E7A4F7556}") = "HomeManagement.Data.Contracts", "HomeManagement.Data.Contracts\HomeManagement.Data.Contracts.csproj", "{0B0A0D0D-EE9C-48CA-BFAB-5F1760EA834C}"
EndProject
Project("{9A19103F-16F7-4668-BE54-9A1E7A4F7556}") = "HomeManagement.Domain", "HomeManagement.Domain\HomeManagement.Domain.csproj", "{1E72DEFC-DFCF-4C57-9618-6E42B4A51889}"
EndProject
Project("{9A19103F-16F7-4668-BE54-9A1E7A4F7556}") = "HomeManagement.Mapper", "HomeManagement.Mapper\HomeManagement.Mapper.csproj", "{1E3D43DB-1114-4FB5-A828-CA9FCAEE1D7A}"
EndProject
Project("{9A19103F-16F7-4668-BE54-9A1E7A4F7556}") = "HomeManagement.Models", "HomeManagement.Models\HomeManagement.Models.csproj", "{6DE38F0F-D1EC-4997-872C-71230802A9EB}"
EndProject
Global
	GlobalSection(SolutionConfigurationPlatforms) = preSolution
		Debug|Any CPU = Debug|Any CPU
		Debug|ARM = Debug|ARM
		Debug|x64 = Debug|x64
		Debug|x86 = Debug|x86
		Release|Any CPU = Release|Any CPU
		Release|ARM = Release|ARM
		Release|x64 = Release|x64
		Release|x86 = Release|x86
	EndGlobalSection
	GlobalSection(ProjectConfigurationPlatforms) = postSolution
		{F4D17533-46A0-4D38-B5D0-B470357D19C8}.Debug|Any CPU.ActiveCfg = Debug|Any CPU
		{F4D17533-46A0-4D38-B5D0-B470357D19C8}.Debug|Any CPU.Build.0 = Debug|Any CPU
		{F4D17533-46A0-4D38-B5D0-B470357D19C8}.Debug|ARM.ActiveCfg = Debug|Any CPU
		{F4D17533-46A0-4D38-B5D0-B470357D19C8}.Debug|ARM.Build.0 = Debug|Any CPU
		{F4D17533-46A0-4D38-B5D0-B470357D19C8}.Debug|x64.ActiveCfg = Debug|Any CPU
		{F4D17533-46A0-4D38-B5D0-B470357D19C8}.Debug|x64.Build.0 = Debug|Any CPU
		{F4D17533-46A0-4D38-B5D0-B470357D19C8}.Debug|x86.ActiveCfg = Debug|Any CPU
		{F4D17533-46A0-4D38-B5D0-B470357D19C8}.Debug|x86.Build.0 = Debug|Any CPU
		{F4D17533-46A0-4D38-B5D0-B470357D19C8}.Release|Any CPU.ActiveCfg = Release|Any CPU
		{F4D17533-46A0-4D38-B5D0-B470357D19C8}.Release|Any CPU.Build.0 = Release|Any CPU
		{F4D17533-46A0-4D38-B5D0-B470357D19C8}.Release|ARM.ActiveCfg = Release|Any CPU
		{F4D17533-46A0-4D38-B5D0-B470357D19C8}.Release|ARM.Build.0 = Release|Any CPU
		{F4D17533-46A0-4D38-B5D0-B470357D19C8}.Release|x64.ActiveCfg = Release|Any CPU
		{F4D17533-46A0-4D38-B5D0-B470357D19C8}.Release|x64.Build.0 = Release|Any CPU
		{F4D17533-46A0-4D38-B5D0-B470357D19C8}.Release|x86.ActiveCfg = Release|Any CPU
		{F4D17533-46A0-4D38-B5D0-B470357D19C8}.Release|x86.Build.0 = Release|Any CPU
		{959101D9-D7C1-415F-88B6-5DC9CF9CB03F}.Debug|Any CPU.ActiveCfg = Debug|Any CPU
		{959101D9-D7C1-415F-88B6-5DC9CF9CB03F}.Debug|Any CPU.Build.0 = Debug|Any CPU
		{959101D9-D7C1-415F-88B6-5DC9CF9CB03F}.Debug|Any CPU.Deploy.0 = Debug|Any CPU
		{959101D9-D7C1-415F-88B6-5DC9CF9CB03F}.Debug|ARM.ActiveCfg = Debug|Any CPU
		{959101D9-D7C1-415F-88B6-5DC9CF9CB03F}.Debug|ARM.Build.0 = Debug|Any CPU
		{959101D9-D7C1-415F-88B6-5DC9CF9CB03F}.Debug|ARM.Deploy.0 = Debug|Any CPU
		{959101D9-D7C1-415F-88B6-5DC9CF9CB03F}.Debug|x64.ActiveCfg = Debug|Any CPU
		{959101D9-D7C1-415F-88B6-5DC9CF9CB03F}.Debug|x64.Build.0 = Debug|Any CPU
		{959101D9-D7C1-415F-88B6-5DC9CF9CB03F}.Debug|x64.Deploy.0 = Debug|Any CPU
		{959101D9-D7C1-415F-88B6-5DC9CF9CB03F}.Debug|x86.ActiveCfg = Debug|Any CPU
		{959101D9-D7C1-415F-88B6-5DC9CF9CB03F}.Debug|x86.Build.0 = Debug|Any CPU
		{959101D9-D7C1-415F-88B6-5DC9CF9CB03F}.Debug|x86.Deploy.0 = Debug|Any CPU
		{959101D9-D7C1-415F-88B6-5DC9CF9CB03F}.Release|Any CPU.ActiveCfg = Release|Any CPU
		{959101D9-D7C1-415F-88B6-5DC9CF9CB03F}.Release|Any CPU.Build.0 = Release|Any CPU
		{959101D9-D7C1-415F-88B6-5DC9CF9CB03F}.Release|Any CPU.Deploy.0 = Release|Any CPU
		{959101D9-D7C1-415F-88B6-5DC9CF9CB03F}.Release|ARM.ActiveCfg = Release|Any CPU
		{959101D9-D7C1-415F-88B6-5DC9CF9CB03F}.Release|ARM.Build.0 = Release|Any CPU
		{959101D9-D7C1-415F-88B6-5DC9CF9CB03F}.Release|ARM.Deploy.0 = Release|Any CPU
		{959101D9-D7C1-415F-88B6-5DC9CF9CB03F}.Release|x64.ActiveCfg = Release|Any CPU
		{959101D9-D7C1-415F-88B6-5DC9CF9CB03F}.Release|x64.Build.0 = Release|Any CPU
		{959101D9-D7C1-415F-88B6-5DC9CF9CB03F}.Release|x64.Deploy.0 = Release|Any CPU
		{959101D9-D7C1-415F-88B6-5DC9CF9CB03F}.Release|x86.ActiveCfg = Release|Any CPU
		{959101D9-D7C1-415F-88B6-5DC9CF9CB03F}.Release|x86.Build.0 = Release|Any CPU
		{959101D9-D7C1-415F-88B6-5DC9CF9CB03F}.Release|x86.Deploy.0 = Release|Any CPU
		{4D318AB1-720B-47DA-BB01-3A3643B09778}.Debug|Any CPU.ActiveCfg = Debug|x86
		{4D318AB1-720B-47DA-BB01-3A3643B09778}.Debug|ARM.ActiveCfg = Debug|ARM
		{4D318AB1-720B-47DA-BB01-3A3643B09778}.Debug|ARM.Build.0 = Debug|ARM
		{4D318AB1-720B-47DA-BB01-3A3643B09778}.Debug|ARM.Deploy.0 = Debug|ARM
		{4D318AB1-720B-47DA-BB01-3A3643B09778}.Debug|x64.ActiveCfg = Debug|x64
		{4D318AB1-720B-47DA-BB01-3A3643B09778}.Debug|x64.Build.0 = Debug|x64
		{4D318AB1-720B-47DA-BB01-3A3643B09778}.Debug|x64.Deploy.0 = Debug|x64
		{4D318AB1-720B-47DA-BB01-3A3643B09778}.Debug|x86.ActiveCfg = Debug|x86
		{4D318AB1-720B-47DA-BB01-3A3643B09778}.Debug|x86.Build.0 = Debug|x86
		{4D318AB1-720B-47DA-BB01-3A3643B09778}.Debug|x86.Deploy.0 = Debug|x86
		{4D318AB1-720B-47DA-BB01-3A3643B09778}.Release|Any CPU.ActiveCfg = Release|x86
		{4D318AB1-720B-47DA-BB01-3A3643B09778}.Release|ARM.ActiveCfg = Release|ARM
		{4D318AB1-720B-47DA-BB01-3A3643B09778}.Release|ARM.Build.0 = Release|ARM
		{4D318AB1-720B-47DA-BB01-3A3643B09778}.Release|ARM.Deploy.0 = Release|ARM
		{4D318AB1-720B-47DA-BB01-3A3643B09778}.Release|x64.ActiveCfg = Release|x64
		{4D318AB1-720B-47DA-BB01-3A3643B09778}.Release|x64.Build.0 = Release|x64
		{4D318AB1-720B-47DA-BB01-3A3643B09778}.Release|x64.Deploy.0 = Release|x64
		{4D318AB1-720B-47DA-BB01-3A3643B09778}.Release|x86.ActiveCfg = Release|x86
		{4D318AB1-720B-47DA-BB01-3A3643B09778}.Release|x86.Build.0 = Release|x86
		{4D318AB1-720B-47DA-BB01-3A3643B09778}.Release|x86.Deploy.0 = Release|x86
		{B90F4A1D-9FC5-46FA-AA06-639E48929CEE}.Debug|Any CPU.ActiveCfg = Debug|Any CPU
		{B90F4A1D-9FC5-46FA-AA06-639E48929CEE}.Debug|Any CPU.Build.0 = Debug|Any CPU
		{B90F4A1D-9FC5-46FA-AA06-639E48929CEE}.Debug|ARM.ActiveCfg = Debug|Any CPU
		{B90F4A1D-9FC5-46FA-AA06-639E48929CEE}.Debug|ARM.Build.0 = Debug|Any CPU
		{B90F4A1D-9FC5-46FA-AA06-639E48929CEE}.Debug|x64.ActiveCfg = Debug|Any CPU
		{B90F4A1D-9FC5-46FA-AA06-639E48929CEE}.Debug|x64.Build.0 = Debug|Any CPU
		{B90F4A1D-9FC5-46FA-AA06-639E48929CEE}.Debug|x86.ActiveCfg = Debug|Any CPU
		{B90F4A1D-9FC5-46FA-AA06-639E48929CEE}.Debug|x86.Build.0 = Debug|Any CPU
		{B90F4A1D-9FC5-46FA-AA06-639E48929CEE}.Release|Any CPU.ActiveCfg = Release|Any CPU
		{B90F4A1D-9FC5-46FA-AA06-639E48929CEE}.Release|Any CPU.Build.0 = Release|Any CPU
		{B90F4A1D-9FC5-46FA-AA06-639E48929CEE}.Release|ARM.ActiveCfg = Release|Any CPU
		{B90F4A1D-9FC5-46FA-AA06-639E48929CEE}.Release|ARM.Build.0 = Release|Any CPU
		{B90F4A1D-9FC5-46FA-AA06-639E48929CEE}.Release|x64.ActiveCfg = Release|Any CPU
		{B90F4A1D-9FC5-46FA-AA06-639E48929CEE}.Release|x64.Build.0 = Release|Any CPU
		{B90F4A1D-9FC5-46FA-AA06-639E48929CEE}.Release|x86.ActiveCfg = Release|Any CPU
		{B90F4A1D-9FC5-46FA-AA06-639E48929CEE}.Release|x86.Build.0 = Release|Any CPU
		{5127133A-DBE9-4BFF-A9D2-9D69B3AACFB8}.Debug|Any CPU.ActiveCfg = Debug|Any CPU
		{5127133A-DBE9-4BFF-A9D2-9D69B3AACFB8}.Debug|Any CPU.Build.0 = Debug|Any CPU
		{5127133A-DBE9-4BFF-A9D2-9D69B3AACFB8}.Debug|ARM.ActiveCfg = Debug|Any CPU
		{5127133A-DBE9-4BFF-A9D2-9D69B3AACFB8}.Debug|ARM.Build.0 = Debug|Any CPU
		{5127133A-DBE9-4BFF-A9D2-9D69B3AACFB8}.Debug|x64.ActiveCfg = Debug|Any CPU
		{5127133A-DBE9-4BFF-A9D2-9D69B3AACFB8}.Debug|x64.Build.0 = Debug|Any CPU
		{5127133A-DBE9-4BFF-A9D2-9D69B3AACFB8}.Debug|x86.ActiveCfg = Debug|Any CPU
		{5127133A-DBE9-4BFF-A9D2-9D69B3AACFB8}.Debug|x86.Build.0 = Debug|Any CPU
		{5127133A-DBE9-4BFF-A9D2-9D69B3AACFB8}.Release|Any CPU.ActiveCfg = Release|Any CPU
		{5127133A-DBE9-4BFF-A9D2-9D69B3AACFB8}.Release|Any CPU.Build.0 = Release|Any CPU
		{5127133A-DBE9-4BFF-A9D2-9D69B3AACFB8}.Release|ARM.ActiveCfg = Release|Any CPU
		{5127133A-DBE9-4BFF-A9D2-9D69B3AACFB8}.Release|ARM.Build.0 = Release|Any CPU
		{5127133A-DBE9-4BFF-A9D2-9D69B3AACFB8}.Release|x64.ActiveCfg = Release|Any CPU
		{5127133A-DBE9-4BFF-A9D2-9D69B3AACFB8}.Release|x64.Build.0 = Release|Any CPU
		{5127133A-DBE9-4BFF-A9D2-9D69B3AACFB8}.Release|x86.ActiveCfg = Release|Any CPU
		{5127133A-DBE9-4BFF-A9D2-9D69B3AACFB8}.Release|x86.Build.0 = Release|Any CPU
		{52270028-4A67-4DF0-958B-C9298AEF5BE5}.Debug|Any CPU.ActiveCfg = Debug|Any CPU
		{52270028-4A67-4DF0-958B-C9298AEF5BE5}.Debug|Any CPU.Build.0 = Debug|Any CPU
		{52270028-4A67-4DF0-958B-C9298AEF5BE5}.Debug|ARM.ActiveCfg = Debug|Any CPU
		{52270028-4A67-4DF0-958B-C9298AEF5BE5}.Debug|ARM.Build.0 = Debug|Any CPU
		{52270028-4A67-4DF0-958B-C9298AEF5BE5}.Debug|x64.ActiveCfg = Debug|Any CPU
		{52270028-4A67-4DF0-958B-C9298AEF5BE5}.Debug|x64.Build.0 = Debug|Any CPU
		{52270028-4A67-4DF0-958B-C9298AEF5BE5}.Debug|x86.ActiveCfg = Debug|Any CPU
		{52270028-4A67-4DF0-958B-C9298AEF5BE5}.Debug|x86.Build.0 = Debug|Any CPU
		{52270028-4A67-4DF0-958B-C9298AEF5BE5}.Release|Any CPU.ActiveCfg = Release|Any CPU
		{52270028-4A67-4DF0-958B-C9298AEF5BE5}.Release|Any CPU.Build.0 = Release|Any CPU
		{52270028-4A67-4DF0-958B-C9298AEF5BE5}.Release|ARM.ActiveCfg = Release|Any CPU
		{52270028-4A67-4DF0-958B-C9298AEF5BE5}.Release|ARM.Build.0 = Release|Any CPU
		{52270028-4A67-4DF0-958B-C9298AEF5BE5}.Release|x64.ActiveCfg = Release|Any CPU
		{52270028-4A67-4DF0-958B-C9298AEF5BE5}.Release|x64.Build.0 = Release|Any CPU
		{52270028-4A67-4DF0-958B-C9298AEF5BE5}.Release|x86.ActiveCfg = Release|Any CPU
		{52270028-4A67-4DF0-958B-C9298AEF5BE5}.Release|x86.Build.0 = Release|Any CPU
		{42082AD0-9AB8-4162-BAD3-EAC540D1EFC4}.Debug|Any CPU.ActiveCfg = Debug|Any CPU
		{42082AD0-9AB8-4162-BAD3-EAC540D1EFC4}.Debug|Any CPU.Build.0 = Debug|Any CPU
		{42082AD0-9AB8-4162-BAD3-EAC540D1EFC4}.Debug|ARM.ActiveCfg = Debug|Any CPU
		{42082AD0-9AB8-4162-BAD3-EAC540D1EFC4}.Debug|ARM.Build.0 = Debug|Any CPU
		{42082AD0-9AB8-4162-BAD3-EAC540D1EFC4}.Debug|x64.ActiveCfg = Debug|Any CPU
		{42082AD0-9AB8-4162-BAD3-EAC540D1EFC4}.Debug|x64.Build.0 = Debug|Any CPU
		{42082AD0-9AB8-4162-BAD3-EAC540D1EFC4}.Debug|x86.ActiveCfg = Debug|Any CPU
		{42082AD0-9AB8-4162-BAD3-EAC540D1EFC4}.Debug|x86.Build.0 = Debug|Any CPU
		{42082AD0-9AB8-4162-BAD3-EAC540D1EFC4}.Release|Any CPU.ActiveCfg = Release|Any CPU
		{42082AD0-9AB8-4162-BAD3-EAC540D1EFC4}.Release|Any CPU.Build.0 = Release|Any CPU
		{42082AD0-9AB8-4162-BAD3-EAC540D1EFC4}.Release|ARM.ActiveCfg = Release|Any CPU
		{42082AD0-9AB8-4162-BAD3-EAC540D1EFC4}.Release|ARM.Build.0 = Release|Any CPU
		{42082AD0-9AB8-4162-BAD3-EAC540D1EFC4}.Release|x64.ActiveCfg = Release|Any CPU
		{42082AD0-9AB8-4162-BAD3-EAC540D1EFC4}.Release|x64.Build.0 = Release|Any CPU
		{42082AD0-9AB8-4162-BAD3-EAC540D1EFC4}.Release|x86.ActiveCfg = Release|Any CPU
		{42082AD0-9AB8-4162-BAD3-EAC540D1EFC4}.Release|x86.Build.0 = Release|Any CPU
		{0B0A0D0D-EE9C-48CA-BFAB-5F1760EA834C}.Debug|Any CPU.ActiveCfg = Debug|Any CPU
		{0B0A0D0D-EE9C-48CA-BFAB-5F1760EA834C}.Debug|Any CPU.Build.0 = Debug|Any CPU
		{0B0A0D0D-EE9C-48CA-BFAB-5F1760EA834C}.Debug|ARM.ActiveCfg = Debug|Any CPU
		{0B0A0D0D-EE9C-48CA-BFAB-5F1760EA834C}.Debug|ARM.Build.0 = Debug|Any CPU
		{0B0A0D0D-EE9C-48CA-BFAB-5F1760EA834C}.Debug|x64.ActiveCfg = Debug|Any CPU
		{0B0A0D0D-EE9C-48CA-BFAB-5F1760EA834C}.Debug|x64.Build.0 = Debug|Any CPU
		{0B0A0D0D-EE9C-48CA-BFAB-5F1760EA834C}.Debug|x86.ActiveCfg = Debug|Any CPU
		{0B0A0D0D-EE9C-48CA-BFAB-5F1760EA834C}.Debug|x86.Build.0 = Debug|Any CPU
		{0B0A0D0D-EE9C-48CA-BFAB-5F1760EA834C}.Release|Any CPU.ActiveCfg = Release|Any CPU
		{0B0A0D0D-EE9C-48CA-BFAB-5F1760EA834C}.Release|Any CPU.Build.0 = Release|Any CPU
		{0B0A0D0D-EE9C-48CA-BFAB-5F1760EA834C}.Release|ARM.ActiveCfg = Release|Any CPU
		{0B0A0D0D-EE9C-48CA-BFAB-5F1760EA834C}.Release|ARM.Build.0 = Release|Any CPU
		{0B0A0D0D-EE9C-48CA-BFAB-5F1760EA834C}.Release|x64.ActiveCfg = Release|Any CPU
		{0B0A0D0D-EE9C-48CA-BFAB-5F1760EA834C}.Release|x64.Build.0 = Release|Any CPU
		{0B0A0D0D-EE9C-48CA-BFAB-5F1760EA834C}.Release|x86.ActiveCfg = Release|Any CPU
		{0B0A0D0D-EE9C-48CA-BFAB-5F1760EA834C}.Release|x86.Build.0 = Release|Any CPU
		{1E72DEFC-DFCF-4C57-9618-6E42B4A51889}.Debug|Any CPU.ActiveCfg = Debug|Any CPU
		{1E72DEFC-DFCF-4C57-9618-6E42B4A51889}.Debug|Any CPU.Build.0 = Debug|Any CPU
		{1E72DEFC-DFCF-4C57-9618-6E42B4A51889}.Debug|ARM.ActiveCfg = Debug|Any CPU
		{1E72DEFC-DFCF-4C57-9618-6E42B4A51889}.Debug|ARM.Build.0 = Debug|Any CPU
		{1E72DEFC-DFCF-4C57-9618-6E42B4A51889}.Debug|x64.ActiveCfg = Debug|Any CPU
		{1E72DEFC-DFCF-4C57-9618-6E42B4A51889}.Debug|x64.Build.0 = Debug|Any CPU
		{1E72DEFC-DFCF-4C57-9618-6E42B4A51889}.Debug|x86.ActiveCfg = Debug|Any CPU
		{1E72DEFC-DFCF-4C57-9618-6E42B4A51889}.Debug|x86.Build.0 = Debug|Any CPU
		{1E72DEFC-DFCF-4C57-9618-6E42B4A51889}.Release|Any CPU.ActiveCfg = Release|Any CPU
		{1E72DEFC-DFCF-4C57-9618-6E42B4A51889}.Release|Any CPU.Build.0 = Release|Any CPU
		{1E72DEFC-DFCF-4C57-9618-6E42B4A51889}.Release|ARM.ActiveCfg = Release|Any CPU
		{1E72DEFC-DFCF-4C57-9618-6E42B4A51889}.Release|ARM.Build.0 = Release|Any CPU
		{1E72DEFC-DFCF-4C57-9618-6E42B4A51889}.Release|x64.ActiveCfg = Release|Any CPU
		{1E72DEFC-DFCF-4C57-9618-6E42B4A51889}.Release|x64.Build.0 = Release|Any CPU
		{1E72DEFC-DFCF-4C57-9618-6E42B4A51889}.Release|x86.ActiveCfg = Release|Any CPU
		{1E72DEFC-DFCF-4C57-9618-6E42B4A51889}.Release|x86.Build.0 = Release|Any CPU
		{1E3D43DB-1114-4FB5-A828-CA9FCAEE1D7A}.Debug|Any CPU.ActiveCfg = Debug|Any CPU
		{1E3D43DB-1114-4FB5-A828-CA9FCAEE1D7A}.Debug|Any CPU.Build.0 = Debug|Any CPU
		{1E3D43DB-1114-4FB5-A828-CA9FCAEE1D7A}.Debug|ARM.ActiveCfg = Debug|Any CPU
		{1E3D43DB-1114-4FB5-A828-CA9FCAEE1D7A}.Debug|ARM.Build.0 = Debug|Any CPU
		{1E3D43DB-1114-4FB5-A828-CA9FCAEE1D7A}.Debug|x64.ActiveCfg = Debug|Any CPU
		{1E3D43DB-1114-4FB5-A828-CA9FCAEE1D7A}.Debug|x64.Build.0 = Debug|Any CPU
		{1E3D43DB-1114-4FB5-A828-CA9FCAEE1D7A}.Debug|x86.ActiveCfg = Debug|Any CPU
		{1E3D43DB-1114-4FB5-A828-CA9FCAEE1D7A}.Debug|x86.Build.0 = Debug|Any CPU
		{1E3D43DB-1114-4FB5-A828-CA9FCAEE1D7A}.Release|Any CPU.ActiveCfg = Release|Any CPU
		{1E3D43DB-1114-4FB5-A828-CA9FCAEE1D7A}.Release|Any CPU.Build.0 = Release|Any CPU
		{1E3D43DB-1114-4FB5-A828-CA9FCAEE1D7A}.Release|ARM.ActiveCfg = Release|Any CPU
		{1E3D43DB-1114-4FB5-A828-CA9FCAEE1D7A}.Release|ARM.Build.0 = Release|Any CPU
		{1E3D43DB-1114-4FB5-A828-CA9FCAEE1D7A}.Release|x64.ActiveCfg = Release|Any CPU
		{1E3D43DB-1114-4FB5-A828-CA9FCAEE1D7A}.Release|x64.Build.0 = Release|Any CPU
		{1E3D43DB-1114-4FB5-A828-CA9FCAEE1D7A}.Release|x86.ActiveCfg = Release|Any CPU
		{1E3D43DB-1114-4FB5-A828-CA9FCAEE1D7A}.Release|x86.Build.0 = Release|Any CPU
		{6DE38F0F-D1EC-4997-872C-71230802A9EB}.Debug|Any CPU.ActiveCfg = Debug|Any CPU
		{6DE38F0F-D1EC-4997-872C-71230802A9EB}.Debug|Any CPU.Build.0 = Debug|Any CPU
		{6DE38F0F-D1EC-4997-872C-71230802A9EB}.Debug|ARM.ActiveCfg = Debug|Any CPU
		{6DE38F0F-D1EC-4997-872C-71230802A9EB}.Debug|ARM.Build.0 = Debug|Any CPU
		{6DE38F0F-D1EC-4997-872C-71230802A9EB}.Debug|x64.ActiveCfg = Debug|Any CPU
		{6DE38F0F-D1EC-4997-872C-71230802A9EB}.Debug|x64.Build.0 = Debug|Any CPU
		{6DE38F0F-D1EC-4997-872C-71230802A9EB}.Debug|x86.ActiveCfg = Debug|Any CPU
		{6DE38F0F-D1EC-4997-872C-71230802A9EB}.Debug|x86.Build.0 = Debug|Any CPU
		{6DE38F0F-D1EC-4997-872C-71230802A9EB}.Release|Any CPU.ActiveCfg = Release|Any CPU
		{6DE38F0F-D1EC-4997-872C-71230802A9EB}.Release|Any CPU.Build.0 = Release|Any CPU
		{6DE38F0F-D1EC-4997-872C-71230802A9EB}.Release|ARM.ActiveCfg = Release|Any CPU
		{6DE38F0F-D1EC-4997-872C-71230802A9EB}.Release|ARM.Build.0 = Release|Any CPU
		{6DE38F0F-D1EC-4997-872C-71230802A9EB}.Release|x64.ActiveCfg = Release|Any CPU
		{6DE38F0F-D1EC-4997-872C-71230802A9EB}.Release|x64.Build.0 = Release|Any CPU
		{6DE38F0F-D1EC-4997-872C-71230802A9EB}.Release|x86.ActiveCfg = Release|Any CPU
		{6DE38F0F-D1EC-4997-872C-71230802A9EB}.Release|x86.Build.0 = Release|Any CPU
	EndGlobalSection
	GlobalSection(SolutionProperties) = preSolution
		HideSolutionNode = FALSE
	EndGlobalSection
	GlobalSection(ExtensibilityGlobals) = postSolution
		SolutionGuid = {6828A648-4C8F-4338-B3D1-E8F0CF0DD009}
	EndGlobalSection
EndGlobal
