
Microsoft Visual Studio Solution File, Format Version 12.00
# Visual Studio Version 16
VisualStudioVersion = 16.0.30011.22
MinimumVisualStudioVersion = 10.0.40219.1
Project("{9A19103F-16F7-4668-BE54-9A1E7A4F7556}") = "HomeManagement.API", "HomeManagement.API\HomeManagement.API.csproj", "{DF73AE52-C105-4D3A-A5EB-387E6C7357C3}"
EndProject
Project("{9A19103F-16F7-4668-BE54-9A1E7A4F7556}") = "HomeManagement.AdminSite", "HomeManagement.AdminSite\HomeManagement.AdminSite.csproj", "{D3BD9280-D9F5-48BB-BEEB-900A4D147279}"
EndProject
Project("{9A19103F-16F7-4668-BE54-9A1E7A4F7556}") = "HomeManagement.Api.Identity", "HomeManagement.Api.Identity\HomeManagement.Api.Identity.csproj", "{0585469D-88D2-4BF2-A296-CAC2FF3520C4}"
EndProject
Project("{9A19103F-16F7-4668-BE54-9A1E7A4F7556}") = "HomeManagement.API.Storage", "HomeManagement.API.Storage\HomeManagement.API.Storage.csproj", "{2620B8BE-7405-488B-9E8F-04C5CF5B31B1}"
EndProject
Project("{9A19103F-16F7-4668-BE54-9A1E7A4F7556}") = "HomeManagement.API.Tests", "HomeManagement.API.Tests\HomeManagement.API.Tests.csproj", "{3A1CC306-5936-40A0-BB40-CC6EF9C6FCE5}"
EndProject
Project("{9A19103F-16F7-4668-BE54-9A1E7A4F7556}") = "HomeManagement.Business", "HomeManagement.Business\HomeManagement.Business.csproj", "{330B26EC-90FA-4217-9854-4713BAE8F457}"
EndProject
Project("{9A19103F-16F7-4668-BE54-9A1E7A4F7556}") = "HomeManagement.Contracts", "HomeManagement.Contracts\HomeManagement.Contracts.csproj", "{13592022-4D72-4A25-A898-ACB69D51E87F}"
EndProject
Project("{9A19103F-16F7-4668-BE54-9A1E7A4F7556}") = "HomeManagement.Core", "HomeManagement.Core\HomeManagement.Core.csproj", "{88B58A39-1787-467B-B658-D2BF44AC27A4}"
EndProject
Project("{9A19103F-16F7-4668-BE54-9A1E7A4F7556}") = "HomeManagement.Data", "HomeManagement.Data\HomeManagement.Data.csproj", "{314372CC-DD7F-4427-B23F-F7345F08F5DF}"
EndProject
Project("{9A19103F-16F7-4668-BE54-9A1E7A4F7556}") = "HomeManagement.Data.Contracts", "HomeManagement.Data.Contracts\HomeManagement.Data.Contracts.csproj", "{B4450374-4796-4C10-834B-0B83DE369FB0}"
EndProject
Project("{9A19103F-16F7-4668-BE54-9A1E7A4F7556}") = "HomeManagement.Domain", "HomeManagement.Domain\HomeManagement.Domain.csproj", "{255A6600-AF83-43B6-B2E2-7D3F9E521C5B}"
EndProject
Project("{9A19103F-16F7-4668-BE54-9A1E7A4F7556}") = "HomeManagement.Localization", "HomeManagement.Localization\HomeManagement.Localization.csproj", "{998F1FDC-E00E-458D-A68E-F5C73B7F6B11}"
EndProject
Project("{9A19103F-16F7-4668-BE54-9A1E7A4F7556}") = "HomeManagement.Mapper", "HomeManagement.Mapper\HomeManagement.Mapper.csproj", "{FAE8C670-7D17-457A-B2CD-5458D5211AA6}"
EndProject
Project("{9A19103F-16F7-4668-BE54-9A1E7A4F7556}") = "HomeManagement.Models", "HomeManagement.Models\HomeManagement.Models.csproj", "{AEDA4902-859A-4AAD-9351-F55B11AE38C2}"
EndProject
Project("{9A19103F-16F7-4668-BE54-9A1E7A4F7556}") = "HomeManagement.Proxy", "HomeManagement.Proxy\HomeManagement.Proxy.csproj", "{A422A21A-CFB4-4EFF-B93A-0FB85D563211}"
EndProject
Project("{9A19103F-16F7-4668-BE54-9A1E7A4F7556}") = "HomeManagement.Api.Core", "HomeManagement.Tokens\HomeManagement.Api.Core.csproj", "{783C2DB4-02C0-495B-86CE-DB247EA829DB}"
EndProject
Global
	GlobalSection(SolutionConfigurationPlatforms) = preSolution
		Debug|Any CPU = Debug|Any CPU
		Release|Any CPU = Release|Any CPU
	EndGlobalSection
	GlobalSection(ProjectConfigurationPlatforms) = postSolution
		{DF73AE52-C105-4D3A-A5EB-387E6C7357C3}.Debug|Any CPU.ActiveCfg = Debug|Any CPU
		{DF73AE52-C105-4D3A-A5EB-387E6C7357C3}.Debug|Any CPU.Build.0 = Debug|Any CPU
		{DF73AE52-C105-4D3A-A5EB-387E6C7357C3}.Release|Any CPU.ActiveCfg = Release|Any CPU
		{DF73AE52-C105-4D3A-A5EB-387E6C7357C3}.Release|Any CPU.Build.0 = Release|Any CPU
		{D3BD9280-D9F5-48BB-BEEB-900A4D147279}.Debug|Any CPU.ActiveCfg = Debug|Any CPU
		{D3BD9280-D9F5-48BB-BEEB-900A4D147279}.Debug|Any CPU.Build.0 = Debug|Any CPU
		{D3BD9280-D9F5-48BB-BEEB-900A4D147279}.Release|Any CPU.ActiveCfg = Release|Any CPU
		{D3BD9280-D9F5-48BB-BEEB-900A4D147279}.Release|Any CPU.Build.0 = Release|Any CPU
		{0585469D-88D2-4BF2-A296-CAC2FF3520C4}.Debug|Any CPU.ActiveCfg = Debug|Any CPU
		{0585469D-88D2-4BF2-A296-CAC2FF3520C4}.Debug|Any CPU.Build.0 = Debug|Any CPU
		{0585469D-88D2-4BF2-A296-CAC2FF3520C4}.Release|Any CPU.ActiveCfg = Release|Any CPU
		{0585469D-88D2-4BF2-A296-CAC2FF3520C4}.Release|Any CPU.Build.0 = Release|Any CPU
		{2620B8BE-7405-488B-9E8F-04C5CF5B31B1}.Debug|Any CPU.ActiveCfg = Debug|Any CPU
		{2620B8BE-7405-488B-9E8F-04C5CF5B31B1}.Debug|Any CPU.Build.0 = Debug|Any CPU
		{2620B8BE-7405-488B-9E8F-04C5CF5B31B1}.Release|Any CPU.ActiveCfg = Release|Any CPU
		{2620B8BE-7405-488B-9E8F-04C5CF5B31B1}.Release|Any CPU.Build.0 = Release|Any CPU
		{3A1CC306-5936-40A0-BB40-CC6EF9C6FCE5}.Debug|Any CPU.ActiveCfg = Debug|Any CPU
		{3A1CC306-5936-40A0-BB40-CC6EF9C6FCE5}.Debug|Any CPU.Build.0 = Debug|Any CPU
		{3A1CC306-5936-40A0-BB40-CC6EF9C6FCE5}.Release|Any CPU.ActiveCfg = Release|Any CPU
		{3A1CC306-5936-40A0-BB40-CC6EF9C6FCE5}.Release|Any CPU.Build.0 = Release|Any CPU
		{330B26EC-90FA-4217-9854-4713BAE8F457}.Debug|Any CPU.ActiveCfg = Debug|Any CPU
		{330B26EC-90FA-4217-9854-4713BAE8F457}.Debug|Any CPU.Build.0 = Debug|Any CPU
		{330B26EC-90FA-4217-9854-4713BAE8F457}.Release|Any CPU.ActiveCfg = Release|Any CPU
		{330B26EC-90FA-4217-9854-4713BAE8F457}.Release|Any CPU.Build.0 = Release|Any CPU
		{13592022-4D72-4A25-A898-ACB69D51E87F}.Debug|Any CPU.ActiveCfg = Debug|Any CPU
		{13592022-4D72-4A25-A898-ACB69D51E87F}.Debug|Any CPU.Build.0 = Debug|Any CPU
		{13592022-4D72-4A25-A898-ACB69D51E87F}.Release|Any CPU.ActiveCfg = Release|Any CPU
		{13592022-4D72-4A25-A898-ACB69D51E87F}.Release|Any CPU.Build.0 = Release|Any CPU
		{88B58A39-1787-467B-B658-D2BF44AC27A4}.Debug|Any CPU.ActiveCfg = Debug|Any CPU
		{88B58A39-1787-467B-B658-D2BF44AC27A4}.Debug|Any CPU.Build.0 = Debug|Any CPU
		{88B58A39-1787-467B-B658-D2BF44AC27A4}.Release|Any CPU.ActiveCfg = Release|Any CPU
		{88B58A39-1787-467B-B658-D2BF44AC27A4}.Release|Any CPU.Build.0 = Release|Any CPU
		{314372CC-DD7F-4427-B23F-F7345F08F5DF}.Debug|Any CPU.ActiveCfg = Debug|Any CPU
		{314372CC-DD7F-4427-B23F-F7345F08F5DF}.Debug|Any CPU.Build.0 = Debug|Any CPU
		{314372CC-DD7F-4427-B23F-F7345F08F5DF}.Release|Any CPU.ActiveCfg = Release|Any CPU
		{314372CC-DD7F-4427-B23F-F7345F08F5DF}.Release|Any CPU.Build.0 = Release|Any CPU
		{B4450374-4796-4C10-834B-0B83DE369FB0}.Debug|Any CPU.ActiveCfg = Debug|Any CPU
		{B4450374-4796-4C10-834B-0B83DE369FB0}.Debug|Any CPU.Build.0 = Debug|Any CPU
		{B4450374-4796-4C10-834B-0B83DE369FB0}.Release|Any CPU.ActiveCfg = Release|Any CPU
		{B4450374-4796-4C10-834B-0B83DE369FB0}.Release|Any CPU.Build.0 = Release|Any CPU
		{255A6600-AF83-43B6-B2E2-7D3F9E521C5B}.Debug|Any CPU.ActiveCfg = Debug|Any CPU
		{255A6600-AF83-43B6-B2E2-7D3F9E521C5B}.Debug|Any CPU.Build.0 = Debug|Any CPU
		{255A6600-AF83-43B6-B2E2-7D3F9E521C5B}.Release|Any CPU.ActiveCfg = Release|Any CPU
		{255A6600-AF83-43B6-B2E2-7D3F9E521C5B}.Release|Any CPU.Build.0 = Release|Any CPU
		{998F1FDC-E00E-458D-A68E-F5C73B7F6B11}.Debug|Any CPU.ActiveCfg = Debug|Any CPU
		{998F1FDC-E00E-458D-A68E-F5C73B7F6B11}.Debug|Any CPU.Build.0 = Debug|Any CPU
		{998F1FDC-E00E-458D-A68E-F5C73B7F6B11}.Release|Any CPU.ActiveCfg = Release|Any CPU
		{998F1FDC-E00E-458D-A68E-F5C73B7F6B11}.Release|Any CPU.Build.0 = Release|Any CPU
		{FAE8C670-7D17-457A-B2CD-5458D5211AA6}.Debug|Any CPU.ActiveCfg = Debug|Any CPU
		{FAE8C670-7D17-457A-B2CD-5458D5211AA6}.Debug|Any CPU.Build.0 = Debug|Any CPU
		{FAE8C670-7D17-457A-B2CD-5458D5211AA6}.Release|Any CPU.ActiveCfg = Release|Any CPU
		{FAE8C670-7D17-457A-B2CD-5458D5211AA6}.Release|Any CPU.Build.0 = Release|Any CPU
		{AEDA4902-859A-4AAD-9351-F55B11AE38C2}.Debug|Any CPU.ActiveCfg = Debug|Any CPU
		{AEDA4902-859A-4AAD-9351-F55B11AE38C2}.Debug|Any CPU.Build.0 = Debug|Any CPU
		{AEDA4902-859A-4AAD-9351-F55B11AE38C2}.Release|Any CPU.ActiveCfg = Release|Any CPU
		{AEDA4902-859A-4AAD-9351-F55B11AE38C2}.Release|Any CPU.Build.0 = Release|Any CPU
		{A422A21A-CFB4-4EFF-B93A-0FB85D563211}.Debug|Any CPU.ActiveCfg = Debug|Any CPU
		{A422A21A-CFB4-4EFF-B93A-0FB85D563211}.Debug|Any CPU.Build.0 = Debug|Any CPU
		{A422A21A-CFB4-4EFF-B93A-0FB85D563211}.Release|Any CPU.ActiveCfg = Release|Any CPU
		{A422A21A-CFB4-4EFF-B93A-0FB85D563211}.Release|Any CPU.Build.0 = Release|Any CPU
		{783C2DB4-02C0-495B-86CE-DB247EA829DB}.Debug|Any CPU.ActiveCfg = Debug|Any CPU
		{783C2DB4-02C0-495B-86CE-DB247EA829DB}.Debug|Any CPU.Build.0 = Debug|Any CPU
		{783C2DB4-02C0-495B-86CE-DB247EA829DB}.Release|Any CPU.ActiveCfg = Release|Any CPU
		{783C2DB4-02C0-495B-86CE-DB247EA829DB}.Release|Any CPU.Build.0 = Release|Any CPU
	EndGlobalSection
	GlobalSection(SolutionProperties) = preSolution
		HideSolutionNode = FALSE
	EndGlobalSection
	GlobalSection(ExtensibilityGlobals) = postSolution
		SolutionGuid = {74B30A83-DD22-4057-8251-6BEB89037F0C}
	EndGlobalSection
EndGlobal
