
Microsoft Visual Studio Solution File, Format Version 12.00
# Visual Studio 15
VisualStudioVersion = 15.0.27703.2035
MinimumVisualStudioVersion = 10.0.40219.1
Project("{9A19103F-16F7-4668-BE54-9A1E7A4F7556}") = "HomeManagement.API", "HomeManagement.API\HomeManagement.API.csproj", "{E59051A9-B41F-4006-8C8A-5BEDFF11CA6A}"
EndProject
Project("{E53339B2-1760-4266-BCC7-CA923CBCF16C}") = "docker-compose", "docker-compose.dcproj", "{20B7AF61-B242-42B2-9BCC-2FC552DBC94D}"
EndProject
Project("{FAE04EC0-301F-11D3-BF4B-00C04F79EFBC}") = "HomeManagement.App.Android", "HomeManagement.App\HomeManagement.App.Android\HomeManagement.App.Android.csproj", "{959101D9-D7C1-415F-88B6-5DC9CF9CB03F}"
EndProject
Project("{FAE04EC0-301F-11D3-BF4B-00C04F79EFBC}") = "HomeManagement.App.UWP", "HomeManagement.App\HomeManagement.App.UWP\HomeManagement.App.UWP.csproj", "{4D318AB1-720B-47DA-BB01-3A3643B09778}"
EndProject
Project("{9A19103F-16F7-4668-BE54-9A1E7A4F7556}") = "HomeManagement.App", "HomeManagement.App\HomeManagement.App\HomeManagement.App.csproj", "{ACEEB4ED-128F-47A7-860E-D70F24600C30}"
EndProject
Project("{9A19103F-16F7-4668-BE54-9A1E7A4F7556}") = "HomeManagement.Domain", "HomeManagement.Domain\HomeManagement.Domain.csproj", "{8F105C75-C687-48C6-A846-85D65E179253}"
EndProject
Project("{9A19103F-16F7-4668-BE54-9A1E7A4F7556}") = "HomeManagement.Models", "HomeManagement.Models\HomeManagement.Models.csproj", "{195EB52D-66FD-4F7D-B4B1-8A0C65B6BC99}"
EndProject
Project("{9A19103F-16F7-4668-BE54-9A1E7A4F7556}") = "HomeManagement.Contracts", "HomeManagement.Contracts\HomeManagement.Contracts.csproj", "{C74D42D7-BBDA-4CA8-A6D5-436996C3177A}"
EndProject
Project("{9A19103F-16F7-4668-BE54-9A1E7A4F7556}") = "HomeManagement.Core", "HomeManagement.Core\HomeManagement.Core.csproj", "{A4B6AB68-54E3-49D7-A155-794C427309B6}"
EndProject
Project("{9A19103F-16F7-4668-BE54-9A1E7A4F7556}") = "HomeManagement.Mapper", "HomeManagement.Mapper\HomeManagement.Mapper.csproj", "{16F4CC96-BBD4-46AE-A867-62B6346D60AD}"
EndProject
Project("{FAE04EC0-301F-11D3-BF4B-00C04F79EFBC}") = "HomeManagement.Mapper.Tests", "HomeManagement.Mapper.Tests\HomeManagement.Mapper.Tests.csproj", "{EDC1B71C-1B53-4B42-807F-00D1A0816E52}"
EndProject
Project("{9A19103F-16F7-4668-BE54-9A1E7A4F7556}") = "HomeManagement.Data", "HomeManagement.Data\HomeManagement.Data.csproj", "{801234C5-BB30-4D43-B2F9-9F342A304A42}"
EndProject
Project("{9A19103F-16F7-4668-BE54-9A1E7A4F7556}") = "HomeManagement.Localization", "HomeManagement.Localization\HomeManagement.Localization.csproj", "{1B23E710-51E9-4B7B-B210-50E47B9135D7}"
EndProject
Project("{FAE04EC0-301F-11D3-BF4B-00C04F79EFBC}") = "HomeManagement.Data.Contracts", "HomeManagement.Data.Contracts\HomeManagement.Data.Contracts.csproj", "{12C26C47-7459-42E5-8DE6-0CEBBD7A54A0}"
EndProject
Global
	GlobalSection(SolutionConfigurationPlatforms) = preSolution
		Debug|Any CPU = Debug|Any CPU
		Debug|ARM = Debug|ARM
		Debug|x64 = Debug|x64
		Debug|x86 = Debug|x86
		Release|Any CPU = Release|Any CPU
		Release|ARM = Release|ARM
		Release|x64 = Release|x64
		Release|x86 = Release|x86
	EndGlobalSection
	GlobalSection(ProjectConfigurationPlatforms) = postSolution
		{E59051A9-B41F-4006-8C8A-5BEDFF11CA6A}.Debug|Any CPU.ActiveCfg = Debug|Any CPU
		{E59051A9-B41F-4006-8C8A-5BEDFF11CA6A}.Debug|Any CPU.Build.0 = Debug|Any CPU
		{E59051A9-B41F-4006-8C8A-5BEDFF11CA6A}.Debug|ARM.ActiveCfg = Debug|Any CPU
		{E59051A9-B41F-4006-8C8A-5BEDFF11CA6A}.Debug|ARM.Build.0 = Debug|Any CPU
		{E59051A9-B41F-4006-8C8A-5BEDFF11CA6A}.Debug|x64.ActiveCfg = Debug|Any CPU
		{E59051A9-B41F-4006-8C8A-5BEDFF11CA6A}.Debug|x64.Build.0 = Debug|Any CPU
		{E59051A9-B41F-4006-8C8A-5BEDFF11CA6A}.Debug|x86.ActiveCfg = Debug|Any CPU
		{E59051A9-B41F-4006-8C8A-5BEDFF11CA6A}.Debug|x86.Build.0 = Debug|Any CPU
		{E59051A9-B41F-4006-8C8A-5BEDFF11CA6A}.Release|Any CPU.ActiveCfg = Release|Any CPU
		{E59051A9-B41F-4006-8C8A-5BEDFF11CA6A}.Release|Any CPU.Build.0 = Release|Any CPU
		{E59051A9-B41F-4006-8C8A-5BEDFF11CA6A}.Release|ARM.ActiveCfg = Release|Any CPU
		{E59051A9-B41F-4006-8C8A-5BEDFF11CA6A}.Release|ARM.Build.0 = Release|Any CPU
		{E59051A9-B41F-4006-8C8A-5BEDFF11CA6A}.Release|x64.ActiveCfg = Release|Any CPU
		{E59051A9-B41F-4006-8C8A-5BEDFF11CA6A}.Release|x64.Build.0 = Release|Any CPU
		{E59051A9-B41F-4006-8C8A-5BEDFF11CA6A}.Release|x86.ActiveCfg = Release|Any CPU
		{E59051A9-B41F-4006-8C8A-5BEDFF11CA6A}.Release|x86.Build.0 = Release|Any CPU
		{20B7AF61-B242-42B2-9BCC-2FC552DBC94D}.Debug|Any CPU.ActiveCfg = Debug|Any CPU
		{20B7AF61-B242-42B2-9BCC-2FC552DBC94D}.Debug|Any CPU.Build.0 = Debug|Any CPU
		{20B7AF61-B242-42B2-9BCC-2FC552DBC94D}.Debug|ARM.ActiveCfg = Debug|Any CPU
		{20B7AF61-B242-42B2-9BCC-2FC552DBC94D}.Debug|ARM.Build.0 = Debug|Any CPU
		{20B7AF61-B242-42B2-9BCC-2FC552DBC94D}.Debug|x64.ActiveCfg = Debug|Any CPU
		{20B7AF61-B242-42B2-9BCC-2FC552DBC94D}.Debug|x64.Build.0 = Debug|Any CPU
		{20B7AF61-B242-42B2-9BCC-2FC552DBC94D}.Debug|x86.ActiveCfg = Debug|Any CPU
		{20B7AF61-B242-42B2-9BCC-2FC552DBC94D}.Debug|x86.Build.0 = Debug|Any CPU
		{20B7AF61-B242-42B2-9BCC-2FC552DBC94D}.Release|Any CPU.ActiveCfg = Release|Any CPU
		{20B7AF61-B242-42B2-9BCC-2FC552DBC94D}.Release|Any CPU.Build.0 = Release|Any CPU
		{20B7AF61-B242-42B2-9BCC-2FC552DBC94D}.Release|ARM.ActiveCfg = Release|Any CPU
		{20B7AF61-B242-42B2-9BCC-2FC552DBC94D}.Release|ARM.Build.0 = Release|Any CPU
		{20B7AF61-B242-42B2-9BCC-2FC552DBC94D}.Release|x64.ActiveCfg = Release|Any CPU
		{20B7AF61-B242-42B2-9BCC-2FC552DBC94D}.Release|x64.Build.0 = Release|Any CPU
		{20B7AF61-B242-42B2-9BCC-2FC552DBC94D}.Release|x86.ActiveCfg = Release|Any CPU
		{20B7AF61-B242-42B2-9BCC-2FC552DBC94D}.Release|x86.Build.0 = Release|Any CPU
		{959101D9-D7C1-415F-88B6-5DC9CF9CB03F}.Debug|Any CPU.ActiveCfg = Debug|Any CPU
		{959101D9-D7C1-415F-88B6-5DC9CF9CB03F}.Debug|Any CPU.Build.0 = Debug|Any CPU
		{959101D9-D7C1-415F-88B6-5DC9CF9CB03F}.Debug|Any CPU.Deploy.0 = Debug|Any CPU
		{959101D9-D7C1-415F-88B6-5DC9CF9CB03F}.Debug|ARM.ActiveCfg = Debug|Any CPU
		{959101D9-D7C1-415F-88B6-5DC9CF9CB03F}.Debug|ARM.Build.0 = Debug|Any CPU
		{959101D9-D7C1-415F-88B6-5DC9CF9CB03F}.Debug|ARM.Deploy.0 = Debug|Any CPU
		{959101D9-D7C1-415F-88B6-5DC9CF9CB03F}.Debug|x64.ActiveCfg = Debug|Any CPU
		{959101D9-D7C1-415F-88B6-5DC9CF9CB03F}.Debug|x64.Build.0 = Debug|Any CPU
		{959101D9-D7C1-415F-88B6-5DC9CF9CB03F}.Debug|x64.Deploy.0 = Debug|Any CPU
		{959101D9-D7C1-415F-88B6-5DC9CF9CB03F}.Debug|x86.ActiveCfg = Debug|Any CPU
		{959101D9-D7C1-415F-88B6-5DC9CF9CB03F}.Debug|x86.Build.0 = Debug|Any CPU
		{959101D9-D7C1-415F-88B6-5DC9CF9CB03F}.Debug|x86.Deploy.0 = Debug|Any CPU
		{959101D9-D7C1-415F-88B6-5DC9CF9CB03F}.Release|Any CPU.ActiveCfg = Release|Any CPU
		{959101D9-D7C1-415F-88B6-5DC9CF9CB03F}.Release|Any CPU.Build.0 = Release|Any CPU
		{959101D9-D7C1-415F-88B6-5DC9CF9CB03F}.Release|Any CPU.Deploy.0 = Release|Any CPU
		{959101D9-D7C1-415F-88B6-5DC9CF9CB03F}.Release|ARM.ActiveCfg = Release|Any CPU
		{959101D9-D7C1-415F-88B6-5DC9CF9CB03F}.Release|ARM.Build.0 = Release|Any CPU
		{959101D9-D7C1-415F-88B6-5DC9CF9CB03F}.Release|ARM.Deploy.0 = Release|Any CPU
		{959101D9-D7C1-415F-88B6-5DC9CF9CB03F}.Release|x64.ActiveCfg = Release|Any CPU
		{959101D9-D7C1-415F-88B6-5DC9CF9CB03F}.Release|x64.Build.0 = Release|Any CPU
		{959101D9-D7C1-415F-88B6-5DC9CF9CB03F}.Release|x64.Deploy.0 = Release|Any CPU
		{959101D9-D7C1-415F-88B6-5DC9CF9CB03F}.Release|x86.ActiveCfg = Release|Any CPU
		{959101D9-D7C1-415F-88B6-5DC9CF9CB03F}.Release|x86.Build.0 = Release|Any CPU
		{959101D9-D7C1-415F-88B6-5DC9CF9CB03F}.Release|x86.Deploy.0 = Release|Any CPU
		{4D318AB1-720B-47DA-BB01-3A3643B09778}.Debug|Any CPU.ActiveCfg = Debug|x86
		{4D318AB1-720B-47DA-BB01-3A3643B09778}.Debug|ARM.ActiveCfg = Debug|ARM
		{4D318AB1-720B-47DA-BB01-3A3643B09778}.Debug|ARM.Build.0 = Debug|ARM
		{4D318AB1-720B-47DA-BB01-3A3643B09778}.Debug|ARM.Deploy.0 = Debug|ARM
		{4D318AB1-720B-47DA-BB01-3A3643B09778}.Debug|x64.ActiveCfg = Debug|x64
		{4D318AB1-720B-47DA-BB01-3A3643B09778}.Debug|x64.Build.0 = Debug|x64
		{4D318AB1-720B-47DA-BB01-3A3643B09778}.Debug|x64.Deploy.0 = Debug|x64
		{4D318AB1-720B-47DA-BB01-3A3643B09778}.Debug|x86.ActiveCfg = Debug|x86
		{4D318AB1-720B-47DA-BB01-3A3643B09778}.Debug|x86.Build.0 = Debug|x86
		{4D318AB1-720B-47DA-BB01-3A3643B09778}.Debug|x86.Deploy.0 = Debug|x86
		{4D318AB1-720B-47DA-BB01-3A3643B09778}.Release|Any CPU.ActiveCfg = Release|x86
		{4D318AB1-720B-47DA-BB01-3A3643B09778}.Release|ARM.ActiveCfg = Release|ARM
		{4D318AB1-720B-47DA-BB01-3A3643B09778}.Release|ARM.Build.0 = Release|ARM
		{4D318AB1-720B-47DA-BB01-3A3643B09778}.Release|ARM.Deploy.0 = Release|ARM
		{4D318AB1-720B-47DA-BB01-3A3643B09778}.Release|x64.ActiveCfg = Release|x64
		{4D318AB1-720B-47DA-BB01-3A3643B09778}.Release|x64.Build.0 = Release|x64
		{4D318AB1-720B-47DA-BB01-3A3643B09778}.Release|x64.Deploy.0 = Release|x64
		{4D318AB1-720B-47DA-BB01-3A3643B09778}.Release|x86.ActiveCfg = Release|x86
		{4D318AB1-720B-47DA-BB01-3A3643B09778}.Release|x86.Build.0 = Release|x86
		{4D318AB1-720B-47DA-BB01-3A3643B09778}.Release|x86.Deploy.0 = Release|x86
		{ACEEB4ED-128F-47A7-860E-D70F24600C30}.Debug|Any CPU.ActiveCfg = Debug|Any CPU
		{ACEEB4ED-128F-47A7-860E-D70F24600C30}.Debug|Any CPU.Build.0 = Debug|Any CPU
		{ACEEB4ED-128F-47A7-860E-D70F24600C30}.Debug|ARM.ActiveCfg = Debug|Any CPU
		{ACEEB4ED-128F-47A7-860E-D70F24600C30}.Debug|ARM.Build.0 = Debug|Any CPU
		{ACEEB4ED-128F-47A7-860E-D70F24600C30}.Debug|x64.ActiveCfg = Debug|Any CPU
		{ACEEB4ED-128F-47A7-860E-D70F24600C30}.Debug|x64.Build.0 = Debug|Any CPU
		{ACEEB4ED-128F-47A7-860E-D70F24600C30}.Debug|x86.ActiveCfg = Debug|Any CPU
		{ACEEB4ED-128F-47A7-860E-D70F24600C30}.Debug|x86.Build.0 = Debug|Any CPU
		{ACEEB4ED-128F-47A7-860E-D70F24600C30}.Release|Any CPU.ActiveCfg = Release|Any CPU
		{ACEEB4ED-128F-47A7-860E-D70F24600C30}.Release|Any CPU.Build.0 = Release|Any CPU
		{ACEEB4ED-128F-47A7-860E-D70F24600C30}.Release|ARM.ActiveCfg = Release|Any CPU
		{ACEEB4ED-128F-47A7-860E-D70F24600C30}.Release|ARM.Build.0 = Release|Any CPU
		{ACEEB4ED-128F-47A7-860E-D70F24600C30}.Release|x64.ActiveCfg = Release|Any CPU
		{ACEEB4ED-128F-47A7-860E-D70F24600C30}.Release|x64.Build.0 = Release|Any CPU
		{ACEEB4ED-128F-47A7-860E-D70F24600C30}.Release|x86.ActiveCfg = Release|Any CPU
		{ACEEB4ED-128F-47A7-860E-D70F24600C30}.Release|x86.Build.0 = Release|Any CPU
		{8F105C75-C687-48C6-A846-85D65E179253}.Debug|Any CPU.ActiveCfg = Debug|Any CPU
		{8F105C75-C687-48C6-A846-85D65E179253}.Debug|Any CPU.Build.0 = Debug|Any CPU
		{8F105C75-C687-48C6-A846-85D65E179253}.Debug|ARM.ActiveCfg = Debug|Any CPU
		{8F105C75-C687-48C6-A846-85D65E179253}.Debug|ARM.Build.0 = Debug|Any CPU
		{8F105C75-C687-48C6-A846-85D65E179253}.Debug|x64.ActiveCfg = Debug|Any CPU
		{8F105C75-C687-48C6-A846-85D65E179253}.Debug|x64.Build.0 = Debug|Any CPU
		{8F105C75-C687-48C6-A846-85D65E179253}.Debug|x86.ActiveCfg = Debug|Any CPU
		{8F105C75-C687-48C6-A846-85D65E179253}.Debug|x86.Build.0 = Debug|Any CPU
		{8F105C75-C687-48C6-A846-85D65E179253}.Release|Any CPU.ActiveCfg = Release|Any CPU
		{8F105C75-C687-48C6-A846-85D65E179253}.Release|Any CPU.Build.0 = Release|Any CPU
		{8F105C75-C687-48C6-A846-85D65E179253}.Release|ARM.ActiveCfg = Release|Any CPU
		{8F105C75-C687-48C6-A846-85D65E179253}.Release|ARM.Build.0 = Release|Any CPU
		{8F105C75-C687-48C6-A846-85D65E179253}.Release|x64.ActiveCfg = Release|Any CPU
		{8F105C75-C687-48C6-A846-85D65E179253}.Release|x64.Build.0 = Release|Any CPU
		{8F105C75-C687-48C6-A846-85D65E179253}.Release|x86.ActiveCfg = Release|Any CPU
		{8F105C75-C687-48C6-A846-85D65E179253}.Release|x86.Build.0 = Release|Any CPU
		{195EB52D-66FD-4F7D-B4B1-8A0C65B6BC99}.Debug|Any CPU.ActiveCfg = Debug|Any CPU
		{195EB52D-66FD-4F7D-B4B1-8A0C65B6BC99}.Debug|Any CPU.Build.0 = Debug|Any CPU
		{195EB52D-66FD-4F7D-B4B1-8A0C65B6BC99}.Debug|ARM.ActiveCfg = Debug|Any CPU
		{195EB52D-66FD-4F7D-B4B1-8A0C65B6BC99}.Debug|ARM.Build.0 = Debug|Any CPU
		{195EB52D-66FD-4F7D-B4B1-8A0C65B6BC99}.Debug|x64.ActiveCfg = Debug|Any CPU
		{195EB52D-66FD-4F7D-B4B1-8A0C65B6BC99}.Debug|x64.Build.0 = Debug|Any CPU
		{195EB52D-66FD-4F7D-B4B1-8A0C65B6BC99}.Debug|x86.ActiveCfg = Debug|Any CPU
		{195EB52D-66FD-4F7D-B4B1-8A0C65B6BC99}.Debug|x86.Build.0 = Debug|Any CPU
		{195EB52D-66FD-4F7D-B4B1-8A0C65B6BC99}.Release|Any CPU.ActiveCfg = Release|Any CPU
		{195EB52D-66FD-4F7D-B4B1-8A0C65B6BC99}.Release|Any CPU.Build.0 = Release|Any CPU
		{195EB52D-66FD-4F7D-B4B1-8A0C65B6BC99}.Release|ARM.ActiveCfg = Release|Any CPU
		{195EB52D-66FD-4F7D-B4B1-8A0C65B6BC99}.Release|ARM.Build.0 = Release|Any CPU
		{195EB52D-66FD-4F7D-B4B1-8A0C65B6BC99}.Release|x64.ActiveCfg = Release|Any CPU
		{195EB52D-66FD-4F7D-B4B1-8A0C65B6BC99}.Release|x64.Build.0 = Release|Any CPU
		{195EB52D-66FD-4F7D-B4B1-8A0C65B6BC99}.Release|x86.ActiveCfg = Release|Any CPU
		{195EB52D-66FD-4F7D-B4B1-8A0C65B6BC99}.Release|x86.Build.0 = Release|Any CPU
		{C74D42D7-BBDA-4CA8-A6D5-436996C3177A}.Debug|Any CPU.ActiveCfg = Debug|Any CPU
		{C74D42D7-BBDA-4CA8-A6D5-436996C3177A}.Debug|Any CPU.Build.0 = Debug|Any CPU
		{C74D42D7-BBDA-4CA8-A6D5-436996C3177A}.Debug|ARM.ActiveCfg = Debug|Any CPU
		{C74D42D7-BBDA-4CA8-A6D5-436996C3177A}.Debug|ARM.Build.0 = Debug|Any CPU
		{C74D42D7-BBDA-4CA8-A6D5-436996C3177A}.Debug|x64.ActiveCfg = Debug|Any CPU
		{C74D42D7-BBDA-4CA8-A6D5-436996C3177A}.Debug|x64.Build.0 = Debug|Any CPU
		{C74D42D7-BBDA-4CA8-A6D5-436996C3177A}.Debug|x86.ActiveCfg = Debug|Any CPU
		{C74D42D7-BBDA-4CA8-A6D5-436996C3177A}.Debug|x86.Build.0 = Debug|Any CPU
		{C74D42D7-BBDA-4CA8-A6D5-436996C3177A}.Release|Any CPU.ActiveCfg = Release|Any CPU
		{C74D42D7-BBDA-4CA8-A6D5-436996C3177A}.Release|Any CPU.Build.0 = Release|Any CPU
		{C74D42D7-BBDA-4CA8-A6D5-436996C3177A}.Release|ARM.ActiveCfg = Release|Any CPU
		{C74D42D7-BBDA-4CA8-A6D5-436996C3177A}.Release|ARM.Build.0 = Release|Any CPU
		{C74D42D7-BBDA-4CA8-A6D5-436996C3177A}.Release|x64.ActiveCfg = Release|Any CPU
		{C74D42D7-BBDA-4CA8-A6D5-436996C3177A}.Release|x64.Build.0 = Release|Any CPU
		{C74D42D7-BBDA-4CA8-A6D5-436996C3177A}.Release|x86.ActiveCfg = Release|Any CPU
		{C74D42D7-BBDA-4CA8-A6D5-436996C3177A}.Release|x86.Build.0 = Release|Any CPU
		{A4B6AB68-54E3-49D7-A155-794C427309B6}.Debug|Any CPU.ActiveCfg = Debug|Any CPU
		{A4B6AB68-54E3-49D7-A155-794C427309B6}.Debug|Any CPU.Build.0 = Debug|Any CPU
		{A4B6AB68-54E3-49D7-A155-794C427309B6}.Debug|ARM.ActiveCfg = Debug|Any CPU
		{A4B6AB68-54E3-49D7-A155-794C427309B6}.Debug|ARM.Build.0 = Debug|Any CPU
		{A4B6AB68-54E3-49D7-A155-794C427309B6}.Debug|x64.ActiveCfg = Debug|Any CPU
		{A4B6AB68-54E3-49D7-A155-794C427309B6}.Debug|x64.Build.0 = Debug|Any CPU
		{A4B6AB68-54E3-49D7-A155-794C427309B6}.Debug|x86.ActiveCfg = Debug|Any CPU
		{A4B6AB68-54E3-49D7-A155-794C427309B6}.Debug|x86.Build.0 = Debug|Any CPU
		{A4B6AB68-54E3-49D7-A155-794C427309B6}.Release|Any CPU.ActiveCfg = Release|Any CPU
		{A4B6AB68-54E3-49D7-A155-794C427309B6}.Release|Any CPU.Build.0 = Release|Any CPU
		{A4B6AB68-54E3-49D7-A155-794C427309B6}.Release|ARM.ActiveCfg = Release|Any CPU
		{A4B6AB68-54E3-49D7-A155-794C427309B6}.Release|ARM.Build.0 = Release|Any CPU
		{A4B6AB68-54E3-49D7-A155-794C427309B6}.Release|x64.ActiveCfg = Release|Any CPU
		{A4B6AB68-54E3-49D7-A155-794C427309B6}.Release|x64.Build.0 = Release|Any CPU
		{A4B6AB68-54E3-49D7-A155-794C427309B6}.Release|x86.ActiveCfg = Release|Any CPU
		{A4B6AB68-54E3-49D7-A155-794C427309B6}.Release|x86.Build.0 = Release|Any CPU
		{16F4CC96-BBD4-46AE-A867-62B6346D60AD}.Debug|Any CPU.ActiveCfg = Debug|Any CPU
		{16F4CC96-BBD4-46AE-A867-62B6346D60AD}.Debug|Any CPU.Build.0 = Debug|Any CPU
		{16F4CC96-BBD4-46AE-A867-62B6346D60AD}.Debug|ARM.ActiveCfg = Debug|Any CPU
		{16F4CC96-BBD4-46AE-A867-62B6346D60AD}.Debug|ARM.Build.0 = Debug|Any CPU
		{16F4CC96-BBD4-46AE-A867-62B6346D60AD}.Debug|x64.ActiveCfg = Debug|Any CPU
		{16F4CC96-BBD4-46AE-A867-62B6346D60AD}.Debug|x64.Build.0 = Debug|Any CPU
		{16F4CC96-BBD4-46AE-A867-62B6346D60AD}.Debug|x86.ActiveCfg = Debug|Any CPU
		{16F4CC96-BBD4-46AE-A867-62B6346D60AD}.Debug|x86.Build.0 = Debug|Any CPU
		{16F4CC96-BBD4-46AE-A867-62B6346D60AD}.Release|Any CPU.ActiveCfg = Release|Any CPU
		{16F4CC96-BBD4-46AE-A867-62B6346D60AD}.Release|Any CPU.Build.0 = Release|Any CPU
		{16F4CC96-BBD4-46AE-A867-62B6346D60AD}.Release|ARM.ActiveCfg = Release|Any CPU
		{16F4CC96-BBD4-46AE-A867-62B6346D60AD}.Release|ARM.Build.0 = Release|Any CPU
		{16F4CC96-BBD4-46AE-A867-62B6346D60AD}.Release|x64.ActiveCfg = Release|Any CPU
		{16F4CC96-BBD4-46AE-A867-62B6346D60AD}.Release|x64.Build.0 = Release|Any CPU
		{16F4CC96-BBD4-46AE-A867-62B6346D60AD}.Release|x86.ActiveCfg = Release|Any CPU
		{16F4CC96-BBD4-46AE-A867-62B6346D60AD}.Release|x86.Build.0 = Release|Any CPU
		{EDC1B71C-1B53-4B42-807F-00D1A0816E52}.Debug|Any CPU.ActiveCfg = Debug|Any CPU
		{EDC1B71C-1B53-4B42-807F-00D1A0816E52}.Debug|Any CPU.Build.0 = Debug|Any CPU
		{EDC1B71C-1B53-4B42-807F-00D1A0816E52}.Debug|ARM.ActiveCfg = Debug|Any CPU
		{EDC1B71C-1B53-4B42-807F-00D1A0816E52}.Debug|ARM.Build.0 = Debug|Any CPU
		{EDC1B71C-1B53-4B42-807F-00D1A0816E52}.Debug|x64.ActiveCfg = Debug|Any CPU
		{EDC1B71C-1B53-4B42-807F-00D1A0816E52}.Debug|x64.Build.0 = Debug|Any CPU
		{EDC1B71C-1B53-4B42-807F-00D1A0816E52}.Debug|x86.ActiveCfg = Debug|Any CPU
		{EDC1B71C-1B53-4B42-807F-00D1A0816E52}.Debug|x86.Build.0 = Debug|Any CPU
		{EDC1B71C-1B53-4B42-807F-00D1A0816E52}.Release|Any CPU.ActiveCfg = Release|Any CPU
		{EDC1B71C-1B53-4B42-807F-00D1A0816E52}.Release|Any CPU.Build.0 = Release|Any CPU
		{EDC1B71C-1B53-4B42-807F-00D1A0816E52}.Release|ARM.ActiveCfg = Release|Any CPU
		{EDC1B71C-1B53-4B42-807F-00D1A0816E52}.Release|ARM.Build.0 = Release|Any CPU
		{EDC1B71C-1B53-4B42-807F-00D1A0816E52}.Release|x64.ActiveCfg = Release|Any CPU
		{EDC1B71C-1B53-4B42-807F-00D1A0816E52}.Release|x64.Build.0 = Release|Any CPU
		{EDC1B71C-1B53-4B42-807F-00D1A0816E52}.Release|x86.ActiveCfg = Release|Any CPU
		{EDC1B71C-1B53-4B42-807F-00D1A0816E52}.Release|x86.Build.0 = Release|Any CPU
		{801234C5-BB30-4D43-B2F9-9F342A304A42}.Debug|Any CPU.ActiveCfg = Debug|Any CPU
		{801234C5-BB30-4D43-B2F9-9F342A304A42}.Debug|Any CPU.Build.0 = Debug|Any CPU
		{801234C5-BB30-4D43-B2F9-9F342A304A42}.Debug|ARM.ActiveCfg = Debug|Any CPU
		{801234C5-BB30-4D43-B2F9-9F342A304A42}.Debug|ARM.Build.0 = Debug|Any CPU
		{801234C5-BB30-4D43-B2F9-9F342A304A42}.Debug|x64.ActiveCfg = Debug|Any CPU
		{801234C5-BB30-4D43-B2F9-9F342A304A42}.Debug|x64.Build.0 = Debug|Any CPU
		{801234C5-BB30-4D43-B2F9-9F342A304A42}.Debug|x86.ActiveCfg = Debug|Any CPU
		{801234C5-BB30-4D43-B2F9-9F342A304A42}.Debug|x86.Build.0 = Debug|Any CPU
		{801234C5-BB30-4D43-B2F9-9F342A304A42}.Release|Any CPU.ActiveCfg = Release|Any CPU
		{801234C5-BB30-4D43-B2F9-9F342A304A42}.Release|Any CPU.Build.0 = Release|Any CPU
		{801234C5-BB30-4D43-B2F9-9F342A304A42}.Release|ARM.ActiveCfg = Release|Any CPU
		{801234C5-BB30-4D43-B2F9-9F342A304A42}.Release|ARM.Build.0 = Release|Any CPU
		{801234C5-BB30-4D43-B2F9-9F342A304A42}.Release|x64.ActiveCfg = Release|Any CPU
		{801234C5-BB30-4D43-B2F9-9F342A304A42}.Release|x64.Build.0 = Release|Any CPU
		{801234C5-BB30-4D43-B2F9-9F342A304A42}.Release|x86.ActiveCfg = Release|Any CPU
		{801234C5-BB30-4D43-B2F9-9F342A304A42}.Release|x86.Build.0 = Release|Any CPU
		{1B23E710-51E9-4B7B-B210-50E47B9135D7}.Debug|Any CPU.ActiveCfg = Debug|Any CPU
		{1B23E710-51E9-4B7B-B210-50E47B9135D7}.Debug|Any CPU.Build.0 = Debug|Any CPU
		{1B23E710-51E9-4B7B-B210-50E47B9135D7}.Debug|ARM.ActiveCfg = Debug|Any CPU
		{1B23E710-51E9-4B7B-B210-50E47B9135D7}.Debug|ARM.Build.0 = Debug|Any CPU
		{1B23E710-51E9-4B7B-B210-50E47B9135D7}.Debug|x64.ActiveCfg = Debug|Any CPU
		{1B23E710-51E9-4B7B-B210-50E47B9135D7}.Debug|x64.Build.0 = Debug|Any CPU
		{1B23E710-51E9-4B7B-B210-50E47B9135D7}.Debug|x86.ActiveCfg = Debug|Any CPU
		{1B23E710-51E9-4B7B-B210-50E47B9135D7}.Debug|x86.Build.0 = Debug|Any CPU
		{1B23E710-51E9-4B7B-B210-50E47B9135D7}.Release|Any CPU.ActiveCfg = Release|Any CPU
		{1B23E710-51E9-4B7B-B210-50E47B9135D7}.Release|Any CPU.Build.0 = Release|Any CPU
		{1B23E710-51E9-4B7B-B210-50E47B9135D7}.Release|ARM.ActiveCfg = Release|Any CPU
		{1B23E710-51E9-4B7B-B210-50E47B9135D7}.Release|ARM.Build.0 = Release|Any CPU
		{1B23E710-51E9-4B7B-B210-50E47B9135D7}.Release|x64.ActiveCfg = Release|Any CPU
		{1B23E710-51E9-4B7B-B210-50E47B9135D7}.Release|x64.Build.0 = Release|Any CPU
		{1B23E710-51E9-4B7B-B210-50E47B9135D7}.Release|x86.ActiveCfg = Release|Any CPU
		{1B23E710-51E9-4B7B-B210-50E47B9135D7}.Release|x86.Build.0 = Release|Any CPU
		{12C26C47-7459-42E5-8DE6-0CEBBD7A54A0}.Debug|Any CPU.ActiveCfg = Debug|Any CPU
		{12C26C47-7459-42E5-8DE6-0CEBBD7A54A0}.Debug|Any CPU.Build.0 = Debug|Any CPU
		{12C26C47-7459-42E5-8DE6-0CEBBD7A54A0}.Debug|ARM.ActiveCfg = Debug|Any CPU
		{12C26C47-7459-42E5-8DE6-0CEBBD7A54A0}.Debug|ARM.Build.0 = Debug|Any CPU
		{12C26C47-7459-42E5-8DE6-0CEBBD7A54A0}.Debug|x64.ActiveCfg = Debug|Any CPU
		{12C26C47-7459-42E5-8DE6-0CEBBD7A54A0}.Debug|x64.Build.0 = Debug|Any CPU
		{12C26C47-7459-42E5-8DE6-0CEBBD7A54A0}.Debug|x86.ActiveCfg = Debug|Any CPU
		{12C26C47-7459-42E5-8DE6-0CEBBD7A54A0}.Debug|x86.Build.0 = Debug|Any CPU
		{12C26C47-7459-42E5-8DE6-0CEBBD7A54A0}.Release|Any CPU.ActiveCfg = Release|Any CPU
		{12C26C47-7459-42E5-8DE6-0CEBBD7A54A0}.Release|Any CPU.Build.0 = Release|Any CPU
		{12C26C47-7459-42E5-8DE6-0CEBBD7A54A0}.Release|ARM.ActiveCfg = Release|Any CPU
		{12C26C47-7459-42E5-8DE6-0CEBBD7A54A0}.Release|ARM.Build.0 = Release|Any CPU
		{12C26C47-7459-42E5-8DE6-0CEBBD7A54A0}.Release|x64.ActiveCfg = Release|Any CPU
		{12C26C47-7459-42E5-8DE6-0CEBBD7A54A0}.Release|x64.Build.0 = Release|Any CPU
		{12C26C47-7459-42E5-8DE6-0CEBBD7A54A0}.Release|x86.ActiveCfg = Release|Any CPU
		{12C26C47-7459-42E5-8DE6-0CEBBD7A54A0}.Release|x86.Build.0 = Release|Any CPU
	EndGlobalSection
	GlobalSection(SolutionProperties) = preSolution
		HideSolutionNode = FALSE
	EndGlobalSection
	GlobalSection(ExtensibilityGlobals) = postSolution
		SolutionGuid = {0091564A-08B9-41E0-8EF4-0C1663D28B38}
	EndGlobalSection
EndGlobal
